Microsoft Visual Studio Solution File, Format Version 12.00
# Visual Studio Version 18
VisualStudioVersion = 18.7.11919.86 stable
MinimumVisualStudioVersion = 10.0.40219.1
Project("{FAE04EC0-301F-11D3-BF4B-00C04F79EFBC}") = "WhisperProject", "WhisperProject.Core\WhisperProject.csproj", "{6EDCBA4E-CD9A-0689-08AF-5751D7B64573}"
EndProject
Global
	GlobalSection(SolutionConfigurationPlatforms) = preSolution
		Debug|Any CPU = Debug|Any CPU
		Release|Any CPU = Release|Any CPU
	EndGlobalSection
	GlobalSection(ProjectConfigurationPlatforms) = postSolution
		{6EDCBA4E-CD9A-0689-08AF-5751D7B64573}.Debug|Any CPU.ActiveCfg = Debug|Any CPU
		{6EDCBA4E-CD9A-0689-08AF-5751D7B64573}.Debug|Any CPU.Build.0 = Debug|Any CPU
		{6EDCBA4E-CD9A-0689-08AF-5751D7B64573}.Release|Any CPU.ActiveCfg = Release|Any CPU
		{6EDCBA4E-CD9A-0689-08AF-5751D7B64573}.Release|Any CPU.Build.0 = Release|Any CPU
	EndGlobalSection
	GlobalSection(SolutionProperties) = preSolution
		HideSolutionNode = FALSE
	EndGlobalSection
	GlobalSection(ExtensibilityGlobals) = postSolution
		SolutionGuid = {BE6D1E16-E451-4589-8FD0-ECE3B464B8F0}
	EndGlobalSection
EndGlobal
