Microsoft Visual Studio Solution File, Format Version 12.00
# Visual Studio Version 17
VisualStudioVersion = 17.5.2.0
MinimumVisualStudioVersion = 10.0.40219.1
Project("{FAE04EC0-301F-11D3-BF4B-00C04F79EFBC}") = "WhisperProject", "WhisperProject.csproj", "{92FDAA57-9B3A-F36B-04CB-6A08EDEFA0FD}"
EndProject
Global
	GlobalSection(SolutionConfigurationPlatforms) = preSolution
		Debug|Any CPU = Debug|Any CPU
		Release|Any CPU = Release|Any CPU
	EndGlobalSection
	GlobalSection(ProjectConfigurationPlatforms) = postSolution
		{92FDAA57-9B3A-F36B-04CB-6A08EDEFA0FD}.Debug|Any CPU.ActiveCfg = Debug|Any CPU
		{92FDAA57-9B3A-F36B-04CB-6A08EDEFA0FD}.Debug|Any CPU.Build.0 = Debug|Any CPU
		{92FDAA57-9B3A-F36B-04CB-6A08EDEFA0FD}.Release|Any CPU.ActiveCfg = Release|Any CPU
		{92FDAA57-9B3A-F36B-04CB-6A08EDEFA0FD}.Release|Any CPU.Build.0 = Release|Any CPU
	EndGlobalSection
	GlobalSection(SolutionProperties) = preSolution
		HideSolutionNode = FALSE
	EndGlobalSection
	GlobalSection(ExtensibilityGlobals) = postSolution
		SolutionGuid = {BE6D1E16-E451-4589-8FD0-ECE3B464B8F0}
	EndGlobalSection
EndGlobal
